// !$*UTF8*$!
{
	archiveVersion = 1;
	classes = {
	};
	objectVersion = 77;
	objects = {

/* Begin PBXBuildFile section */
		D6AC575C2F8767A1002096E6 /* GoogleGenerativeAI in Frameworks */ = {isa = PBXBuildFile; productRef = D6AC575B2F8767A1002096E6 /* GoogleGenerativeAI */; };
		D6AC63D02F877114002096E6 /* Lottie in Frameworks */ = {isa = PBXBuildFile; productRef = D6AC63CF2F877114002096E6 /* Lottie */; };
		D6CC39AC2F88B76D0034FE5B /* GoogleSignIn in Frameworks */ = {isa = PBXBuildFile; productRef = D6CC39AB2F88B76D0034FE5B /* GoogleSignIn */; };
		D6CC39AE2F88B76D0034FE5B /* GoogleSignInSwift in Frameworks */ = {isa = PBXBuildFile; productRef = D6CC39AD2F88B76D0034FE5B /* GoogleSignInSwift */; };
		D6FD05182F878A2B0053423E /* FirebaseAuth in Frameworks */ = {isa = PBXBuildFile; productRef = D6FD05172F878A2B0053423E /* FirebaseAuth */; };
		D6FD051A2F878A2B0053423E /* FirebaseCore in Frameworks */ = {isa = PBXBuildFile; productRef = D6FD05192F878A2B0053423E /* FirebaseCore */; };
		D6FD051C2F878A2B0053423E /* FirebaseFirestore in Frameworks */ = {isa = PBXBuildFile; productRef = D6FD051B2F878A2B0053423E /* FirebaseFirestore */; };
/* End PBXBuildFile section */

/* Begin PBXFileReference section */
		D6CF8A552F40310000EB14FB /* AAINA.app */ = {isa = PBXFileReference; explicitFileType = wrapper.application; includeInIndex = 0; path = AAINA.app; sourceTree = BUILT_PRODUCTS_DIR; };
/* End PBXFileReference section */

/* Begin PBXFileSystemSynchronizedBuildFileExceptionSet section */
		D68BD7B62F483E5300A79DF7 /* Exceptions for "AAINA" folder in "AAINA" target */ = {
			isa = PBXFileSystemSynchronizedBuildFileExceptionSet;
			membershipExceptions = (
				Info.plist,
			);
			target = D6CF8A542F40310000EB14FB /* AAINA */;
		};
/* End PBXFileSystemSynchronizedBuildFileExceptionSet section */

/* Begin PBXFileSystemSynchronizedRootGroup section */
		D6CF8A572F40310000EB14FB /* AAINA */ = {
			isa = PBXFileSystemSynchronizedRootGroup;
			exceptions = (
				D68BD7B62F483E5300A79DF7 /* Exceptions for "AAINA" folder in "AAINA" target */,
			);
			path = AAINA;
			sourceTree = "<group>";
		};
/* End PBXFileSystemSynchronizedRootGroup section */

/* Begin PBXFrameworksBuildPhase section */
		D6CF8A522F40310000EB14FB /* Frameworks */ = {
			isa = PBXFrameworksBuildPhase;
			buildActionMask = 2147483647;
			files = (
				D6CC39AC2F88B76D0034FE5B /* GoogleSignIn in Frameworks */,
				D6AC575C2F8767A1002096E6 /* GoogleGenerativeAI in Frameworks */,
				D6FD05182F878A2B0053423E /* FirebaseAuth in Frameworks */,
				D6CC39AE2F88B76D0034FE5B /* GoogleSignInSwift in Frameworks */,
				D6FD051A2F878A2B0053423E /* FirebaseCore in Frameworks */,
				D6FD051C2F878A2B0053423E /* FirebaseFirestore in Frameworks */,
				D6AC63D02F877114002096E6 /* Lottie in Frameworks */,
			);
			runOnlyForDeploymentPostprocessing = 0;
		};
/* End PBXFrameworksBuildPhase section */

/* Begin PBXGroup section */
		D6CF8A4C2F40310000EB14FB = {
			isa = PBXGroup;
			children = (
				D6CF8A572F40310000EB14FB /* AAINA */,
				D6CF8A562F40310000EB14FB /* Products */,
			);
			sourceTree = "<group>";
		};
		D6CF8A562F40310000EB14FB /* Products */ = {
			isa = PBXGroup;
			children = (
				D6CF8A552F40310000EB14FB /* AAINA.app */,
			);
			name = Products;
			sourceTree = "<group>";
		};
/* End PBXGroup section */

/* Begin PBXNativeTarget section */
		D6CF8A542F40310000EB14FB /* AAINA */ = {
			isa = PBXNativeTarget;
			buildConfigurationList = D6CF8A682F40310000EB14FB /* Build configuration list for PBXNativeTarget "AAINA" */;
			buildPhases = (
				D6CF8A512F40310000EB14FB /* Sources */,
				D6CF8A522F40310000EB14FB /* Frameworks */,
				D6CF8A532F40310000EB14FB /* Resources */,
			);
			buildRules = (
			);
			dependencies = (
			);
			fileSystemSynchronizedGroups = (
				D6CF8A572F40310000EB14FB /* AAINA */,
			);
			name = AAINA;
			packageProductDependencies = (
				D6AC575B2F8767A1002096E6 /* GoogleGenerativeAI */,
				D6AC63CF2F877114002096E6 /* Lottie */,
				D6FD05172F878A2B0053423E /* FirebaseAuth */,
				D6FD05192F878A2B0053423E /* FirebaseCore */,
				D6FD051B2F878A2B0053423E /* FirebaseFirestore */,
				D6CC39AB2F88B76D0034FE5B /* GoogleSignIn */,
				D6CC39AD2F88B76D0034FE5B /* GoogleSignInSwift */,
			);
			productName = skinCare;
			productReference = D6CF8A552F40310000EB14FB /* AAINA.app */;
			productType = "com.apple.product-type.application";
		};
/* End PBXNativeTarget section */

/* Begin PBXProject section */
		D6CF8A4D2F40310000EB14FB /* Project object */ = {
			isa = PBXProject;
			attributes = {
				BuildIndependentTargetsInParallel = 1;
				LastSwiftUpdateCheck = 2650;
				LastUpgradeCheck = 2650;
				TargetAttributes = {
					D6CF8A542F40310000EB14FB = {
						CreatedOnToolsVersion = 26.2;
					};
				};
			};
			buildConfigurationList = D6CF8A502F40310000EB14FB /* Build configuration list for PBXProject "AAINA" */;
			developmentRegion = en;
			hasScannedForEncodings = 0;
			knownRegions = (
				en,
				Base,
			);
			mainGroup = D6CF8A4C2F40310000EB14FB;
			minimizedProjectReferenceProxies = 1;
			packageReferences = (
				D6AC575A2F8767A1002096E6 /* XCRemoteSwiftPackageReference "generative-ai-swift" */,
				D6AC63CE2F877114002096E6 /* XCRemoteSwiftPackageReference "lottie-ios" */,
				D6FD05162F878A2B0053423E /* XCRemoteSwiftPackageReference "firebase-ios-sdk" */,
				D6CC39AA2F88B76D0034FE5B /* XCRemoteSwiftPackageReference "GoogleSignIn-iOS" */,
			);
			preferredProjectObjectVersion = 77;
			productRefGroup = D6CF8A562F40310000EB14FB /* Products */;
			projectDirPath = "";
			projectRoot = "";
			targets = (
				D6CF8A542F40310000EB14FB /* AAINA */,
			);
		};
/* End PBXProject section */

/* Begin PBXResourcesBuildPhase section */
		D6CF8A532F40310000EB14FB /* Resources */ = {
			isa = PBXResourcesBuildPhase;
			buildActionMask = 2147483647;
			files = (
			);
			runOnlyForDeploymentPostprocessing = 0;
		};
/* End PBXResourcesBuildPhase section */

/* Begin PBXSourcesBuildPhase section */
		D6CF8A512F40310000EB14FB /* Sources */ = {
			isa = PBXSourcesBuildPhase;
			buildActionMask = 2147483647;
			files = (
			);
			runOnlyForDeploymentPostprocessing = 0;
		};
/* End PBXSourcesBuildPhase section */

/* Begin XCBuildConfiguration section */
		D6CF8A692F40310000EB14FB /* Debug */ = {
			isa = XCBuildConfiguration;
			buildSettings = {
				ASSETCATALOG_COMPILER_APPICON_NAME = AppIcon;
				ASSETCATALOG_COMPILER_GLOBAL_ACCENT_COLOR_NAME = AccentColor;
				ASSETCATALOG_COMPILER_INCLUDE_ALL_APPICON_ASSETS = YES;
				CODE_SIGN_ENTITLEMENTS = AAINA/AAINA.entitlements;
				CODE_SIGN_STYLE = Automatic;
				CURRENT_PROJECT_VERSION = 1;
				DEVELOPMENT_TEAM = ZZUV4VZYQN;
				GENERATE_INFOPLIST_FILE = YES;
				INFOPLIST_FILE = AAINA/Info.plist;
				INFOPLIST_KEY_NSCalendarsUsageDescription = "App needs calendar access to create reminders.";
				INFOPLIST_KEY_NSCameraUsageDescription = "AAINA uses the camera to scan product ingredient labels and compare them with your routine.";
				INFOPLIST_KEY_NSRemindersUsageDescription = "App needs reminders access to create reminders.";
				INFOPLIST_KEY_UIApplicationSupportsIndirectInputEvents = YES;
				INFOPLIST_KEY_UILaunchStoryboardName = LaunchScreen;
				INFOPLIST_KEY_UIMainStoryboardFile = Main;
				INFOPLIST_KEY_UISupportedInterfaceOrientations_iPad = "UIInterfaceOrientationPortrait UIInterfaceOrientationPortraitUpsideDown UIInterfaceOrientationLandscapeLeft UIInterfaceOrientationLandscapeRight";
				INFOPLIST_KEY_UISupportedInterfaceOrientations_iPhone = "UIInterfaceOrientationPortrait UIInterfaceOrientationLandscapeLeft UIInterfaceOrientationLandscapeRight";
				LD_RUNPATH_SEARCH_PATHS = (
					"$(inherited)",
					"@executable_path/Frameworks",
				);
				MARKETING_VERSION = 1.0;
				PRODUCT_BUNDLE_IDENTIFIER = com.arc.AAINA;
				PRODUCT_NAME = "$(TARGET_NAME)";
				STRING_CATALOG_GENERATE_SYMBOLS = YES;
				SWIFT_APPROACHABLE_CONCURRENCY = YES;
				SWIFT_DEFAULT_ACTOR_ISOLATION = MainActor;
				SWIFT_EMIT_LOC_STRINGS = YES;
				SWIFT_UPCOMING_FEATURE_MEMBER_IMPORT_VISIBILITY = YES;
				SWIFT_VERSION = 5.0;
				TARGETED_DEVICE_FAMILY = "1,2";
			};
			name = Debug;
		};
		D6CF8A6A2F40310000EB14FB /* Release */ = {
			isa = XCBuildConfiguration;
			buildSettings = {
				ASSETCATALOG_COMPILER_APPICON_NAME = AppIcon;
				ASSETCATALOG_COMPILER_GLOBAL_ACCENT_COLOR_NAME = AccentColor;
				ASSETCATALOG_COMPILER_INCLUDE_ALL_APPICON_ASSETS = YES;
				CODE_SIGN_ENTITLEMENTS = AAINA/AAINA.entitlements;
				CODE_SIGN_STYLE = Automatic;
				CURRENT_PROJECT_VERSION = 1;
				DEVELOPMENT_TEAM = ZZUV4VZYQN;
				GENERATE_INFOPLIST_FILE = YES;
				INFOPLIST_FILE = AAINA/Info.plist;
				INFOPLIST_KEY_NSCalendarsUsageDescription = "App needs calendar access to create reminders.";
				INFOPLIST_KEY_NSCameraUsageDescription = "AAINA uses the camera to scan product ingredient labels and compare them with your routine.";
				INFOPLIST_KEY_NSRemindersUsageDescription = "App needs reminders access to create reminders.";
				INFOPLIST_KEY_UIApplicationSupportsIndirectInputEvents = YES;
				INFOPLIST_KEY_UILaunchStoryboardName = LaunchScreen;
				INFOPLIST_KEY_UIMainStoryboardFile = Main;
				INFOPLIST_KEY_UISupportedInterfaceOrientations_iPad = "UIInterfaceOrientationPortrait UIInterfaceOrientationPortraitUpsideDown UIInterfaceOrientationLandscapeLeft UIInterfaceOrientationLandscapeRight";
				INFOPLIST_KEY_UISupportedInterfaceOrientations_iPhone = "UIInterfaceOrientationPortrait UIInterfaceOrientationLandscapeLeft UIInterfaceOrientationLandscapeRight";
				LD_RUNPATH_SEARCH_PATHS = (
					"$(inherited)",
					"@executable_path/Frameworks",
				);
				MARKETING_VERSION = 1.0;
				PRODUCT_BUNDLE_IDENTIFIER = com.arc.AAINA;
				PRODUCT_NAME = "$(TARGET_NAME)";
				STRING_CATALOG_GENERATE_SYMBOLS = YES;
				SWIFT_APPROACHABLE_CONCURRENCY = YES;
				SWIFT_DEFAULT_ACTOR_ISOLATION = MainActor;
				SWIFT_EMIT_LOC_STRINGS = YES;
				SWIFT_UPCOMING_FEATURE_MEMBER_IMPORT_VISIBILITY = YES;
				SWIFT_VERSION = 5.0;
				TARGETED_DEVICE_FAMILY = "1,2";
			};
			name = Release;
		};
		D6CF8A6B2F40310000EB14FB /* Debug */ = {
			isa = XCBuildConfiguration;
			buildSettings = {
				ALWAYS_SEARCH_USER_PATHS = NO;
				ASSETCATALOG_COMPILER_GENERATE_SWIFT_ASSET_SYMBOL_EXTENSIONS = YES;
				CLANG_ANALYZER_NONNULL = YES;
				CLANG_ANALYZER_NUMBER_OBJECT_CONVERSION = YES_AGGRESSIVE;
				CLANG_CXX_LANGUAGE_STANDARD = "gnu++20";
				CLANG_ENABLE_MODULES = YES;
				CLANG_ENABLE_OBJC_ARC = YES;
				CLANG_ENABLE_OBJC_WEAK = YES;
				CLANG_WARN_BLOCK_CAPTURE_AUTORELEASING = YES;
				CLANG_WARN_BOOL_CONVERSION = YES;
				CLANG_WARN_COMMA = YES;
				CLANG_WARN_CONSTANT_CONVERSION = YES;
				CLANG_WARN_DEPRECATED_OBJC_IMPLEMENTATIONS = YES;
				CLANG_WARN_DIRECT_OBJC_ISA_USAGE = YES_ERROR;
				CLANG_WARN_DOCUMENTATION_COMMENTS = YES;
				CLANG_WARN_EMPTY_BODY = YES;
				CLANG_WARN_ENUM_CONVERSION = YES;
				CLANG_WARN_INFINITE_RECURSION = YES;
				CLANG_WARN_INT_CONVERSION = YES;
				CLANG_WARN_NON_LITERAL_NULL_CONVERSION = YES;
				CLANG_WARN_OBJC_IMPLICIT_RETAIN_SELF = YES;
				CLANG_WARN_OBJC_LITERAL_CONVERSION = YES;
				CLANG_WARN_OBJC_ROOT_CLASS = YES_ERROR;
				CLANG_WARN_QUOTED_INCLUDE_IN_FRAMEWORK_HEADER = YES;
				CLANG_WARN_RANGE_LOOP_ANALYSIS = YES;
				CLANG_WARN_STRICT_PROTOTYPES = YES;
				CLANG_WARN_SUSPICIOUS_MOVE = YES;
				CLANG_WARN_UNGUARDED_AVAILABILITY = YES_AGGRESSIVE;
				CLANG_WARN_UNREACHABLE_CODE = YES;
				CLANG_WARN__DUPLICATE_METHOD_MATCH = YES;
				COPY_PHASE_STRIP = NO;
				DEBUG_INFORMATION_FORMAT = dwarf;
				DEVELOPMENT_TEAM = 785PLMVCH2;
				ENABLE_STRICT_OBJC_MSGSEND = YES;
				ENABLE_TESTABILITY = YES;
				ENABLE_USER_SCRIPT_SANDBOXING = YES;
				GCC_C_LANGUAGE_STANDARD = gnu17;
				GCC_DYNAMIC_NO_PIC = NO;
				GCC_NO_COMMON_BLOCKS = YES;
				GCC_OPTIMIZATION_LEVEL = 0;
				GCC_PREPROCESSOR_DEFINITIONS = (
					"DEBUG=1",
					"$(inherited)",
				);
				GCC_WARN_64_TO_32_BIT_CONVERSION = YES;
				GCC_WARN_ABOUT_RETURN_TYPE = YES_ERROR;
				GCC_WARN_UNDECLARED_SELECTOR = YES;
				GCC_WARN_UNINITIALIZED_AUTOS = YES_AGGRESSIVE;
				GCC_WARN_UNUSED_FUNCTION = YES;
				GCC_WARN_UNUSED_VARIABLE = YES;
				IPHONEOS_DEPLOYMENT_TARGET = 26.2;
				LOCALIZATION_PREFERS_STRING_CATALOGS = YES;
				MTL_ENABLE_DEBUG_INFO = INCLUDE_SOURCE;
				MTL_FAST_MATH = YES;
				ONLY_ACTIVE_ARCH = YES;
				SDKROOT = iphoneos;
				SWIFT_ACTIVE_COMPILATION_CONDITIONS = "DEBUG $(inherited)";
				SWIFT_OPTIMIZATION_LEVEL = "-Onone";
			};
			name = Debug;
		};
		D6CF8A6C2F40310000EB14FB /* Release */ = {
			isa = XCBuildConfiguration;
			buildSettings = {
				ALWAYS_SEARCH_USER_PATHS = NO;
				ASSETCATALOG_COMPILER_GENERATE_SWIFT_ASSET_SYMBOL_EXTENSIONS = YES;
				CLANG_ANALYZER_NONNULL = YES;
				CLANG_ANALYZER_NUMBER_OBJECT_CONVERSION = YES_AGGRESSIVE;
				CLANG_CXX_LANGUAGE_STANDARD = "gnu++20";
				CLANG_ENABLE_MODULES = YES;
				CLANG_ENABLE_OBJC_ARC = YES;
				CLANG_ENABLE_OBJC_WEAK = YES;
				CLANG_WARN_BLOCK_CAPTURE_AUTORELEASING = YES;
				CLANG_WARN_BOOL_CONVERSION = YES;
				CLANG_WARN_COMMA = YES;
				CLANG_WARN_CONSTANT_CONVERSION = YES;
				CLANG_WARN_DEPRECATED_OBJC_IMPLEMENTATIONS = YES;
				CLANG_WARN_DIRECT_OBJC_ISA_USAGE = YES_ERROR;
				CLANG_WARN_DOCUMENTATION_COMMENTS = YES;
				CLANG_WARN_EMPTY_BODY = YES;
				CLANG_WARN_ENUM_CONVERSION = YES;
				CLANG_WARN_INFINITE_RECURSION = YES;
				CLANG_WARN_INT_CONVERSION = YES;
				CLANG_WARN_NON_LITERAL_NULL_CONVERSION = YES;
				CLANG_WARN_OBJC_IMPLICIT_RETAIN_SELF = YES;
				CLANG_WARN_OBJC_LITERAL_CONVERSION = YES;
				CLANG_WARN_OBJC_ROOT_CLASS = YES_ERROR;
				CLANG_WARN_QUOTED_INCLUDE_IN_FRAMEWORK_HEADER = YES;
				CLANG_WARN_RANGE_LOOP_ANALYSIS = YES;
				CLANG_WARN_STRICT_PROTOTYPES = YES;
				CLANG_WARN_SUSPICIOUS_MOVE = YES;
				CLANG_WARN_UNGUARDED_AVAILABILITY = YES_AGGRESSIVE;
				CLANG_WARN_UNREACHABLE_CODE = YES;
				CLANG_WARN__DUPLICATE_METHOD_MATCH = YES;
				COPY_PHASE_STRIP = NO;
				DEBUG_INFORMATION_FORMAT = "dwarf-with-dsym";
				DEVELOPMENT_TEAM = 785PLMVCH2;
				ENABLE_NS_ASSERTIONS = NO;
				ENABLE_STRICT_OBJC_MSGSEND = YES;
				ENABLE_USER_SCRIPT_SANDBOXING = YES;
				GCC_C_LANGUAGE_STANDARD = gnu17;
				GCC_NO_COMMON_BLOCKS = YES;
				GCC_WARN_64_TO_32_BIT_CONVERSION = YES;
				GCC_WARN_ABOUT_RETURN_TYPE = YES_ERROR;
				GCC_WARN_UNDECLARED_SELECTOR = YES;
				GCC_WARN_UNINITIALIZED_AUTOS = YES_AGGRESSIVE;
				GCC_WARN_UNUSED_FUNCTION = YES;
				GCC_WARN_UNUSED_VARIABLE = YES;
				IPHONEOS_DEPLOYMENT_TARGET = 26.2;
				LOCALIZATION_PREFERS_STRING_CATALOGS = YES;
				MTL_ENABLE_DEBUG_INFO = NO;
				MTL_FAST_MATH = YES;
				SDKROOT = iphoneos;
				SWIFT_COMPILATION_MODE = wholemodule;
				VALIDATE_PRODUCT = YES;
			};
			name = Release;
		};
/* End XCBuildConfiguration section */

/* Begin XCConfigurationList section */
		D6CF8A502F40310000EB14FB /* Build configuration list for PBXProject "AAINA" */ = {
			isa = XCConfigurationList;
			buildConfigurations = (
				D6CF8A6B2F40310000EB14FB /* Debug */,
				D6CF8A6C2F40310000EB14FB /* Release */,
			);
			defaultConfigurationIsVisible = 0;
			defaultConfigurationName = Release;
		};
		D6CF8A682F40310000EB14FB /* Build configuration list for PBXNativeTarget "AAINA" */ = {
			isa = XCConfigurationList;
			buildConfigurations = (
				D6CF8A692F40310000EB14FB /* Debug */,
				D6CF8A6A2F40310000EB14FB /* Release */,
			);
			defaultConfigurationIsVisible = 0;
			defaultConfigurationName = Release;
		};
/* End XCConfigurationList section */

/* Begin XCRemoteSwiftPackageReference section */
		D6AC575A2F8767A1002096E6 /* XCRemoteSwiftPackageReference "generative-ai-swift" */ = {
			isa = XCRemoteSwiftPackageReference;
			repositoryURL = "https://github.com/google/generative-ai-swift";
			requirement = {
				kind = upToNextMajorVersion;
				minimumVersion = 0.5.6;
			};
		};
		D6AC63CE2F877114002096E6 /* XCRemoteSwiftPackageReference "lottie-ios" */ = {
			isa = XCRemoteSwiftPackageReference;
			repositoryURL = "https://github.com/airbnb/lottie-ios";
			requirement = {
				kind = upToNextMajorVersion;
				minimumVersion = 4.6.0;
			};
		};
		D6CC39AA2F88B76D0034FE5B /* XCRemoteSwiftPackageReference "GoogleSignIn-iOS" */ = {
			isa = XCRemoteSwiftPackageReference;
			repositoryURL = "https://github.com/google/GoogleSignIn-iOS";
			requirement = {
				kind = upToNextMajorVersion;
				minimumVersion = 9.1.0;
			};
		};
		D6FD05162F878A2B0053423E /* XCRemoteSwiftPackageReference "firebase-ios-sdk" */ = {
			isa = XCRemoteSwiftPackageReference;
			repositoryURL = "https://github.com/firebase/firebase-ios-sdk";
			requirement = {
				kind = upToNextMajorVersion;
				minimumVersion = 12.12.0;
			};
		};
/* End XCRemoteSwiftPackageReference section */

/* Begin XCSwiftPackageProductDependency section */
		D6AC575B2F8767A1002096E6 /* GoogleGenerativeAI */ = {
			isa = XCSwiftPackageProductDependency;
			package = D6AC575A2F8767A1002096E6 /* XCRemoteSwiftPackageReference "generative-ai-swift" */;
			productName = GoogleGenerativeAI;
		};
		D6AC63CF2F877114002096E6 /* Lottie */ = {
			isa = XCSwiftPackageProductDependency;
			package = D6AC63CE2F877114002096E6 /* XCRemoteSwiftPackageReference "lottie-ios" */;
			productName = Lottie;
		};
		D6CC39AB2F88B76D0034FE5B /* GoogleSignIn */ = {
			isa = XCSwiftPackageProductDependency;
			package = D6CC39AA2F88B76D0034FE5B /* XCRemoteSwiftPackageReference "GoogleSignIn-iOS" */;
			productName = GoogleSignIn;
		};
		D6CC39AD2F88B76D0034FE5B /* GoogleSignInSwift */ = {
			isa = XCSwiftPackageProductDependency;
			package = D6CC39AA2F88B76D0034FE5B /* XCRemoteSwiftPackageReference "GoogleSignIn-iOS" */;
			productName = GoogleSignInSwift;
		};
		D6FD05172F878A2B0053423E /* FirebaseAuth */ = {
			isa = XCSwiftPackageProductDependency;
			package = D6FD05162F878A2B0053423E /* XCRemoteSwiftPackageReference "firebase-ios-sdk" */;
			productName = FirebaseAuth;
		};
		D6FD05192F878A2B0053423E /* FirebaseCore */ = {
			isa = XCSwiftPackageProductDependency;
			package = D6FD05162F878A2B0053423E /* XCRemoteSwiftPackageReference "firebase-ios-sdk" */;
			productName = FirebaseCore;
		};
		D6FD051B2F878A2B0053423E /* FirebaseFirestore */ = {
			isa = XCSwiftPackageProductDependency;
			package = D6FD05162F878A2B0053423E /* XCRemoteSwiftPackageReference "firebase-ios-sdk" */;
			productName = FirebaseFirestore;
		};
/* End XCSwiftPackageProductDependency section */
	};
	rootObject = D6CF8A4D2F40310000EB14FB /* Project object */;
}
